
Microsoft Visual Studio Solution File, Format Version 12.00
# Visual Studio 15
VisualStudioVersion = 15.0.26228.12
MinimumVisualStudioVersion = 10.0.40219.1
Project("{FAE04EC0-301F-11D3-BF4B-00C04F79EFBC}") = "MazeRunner", "MazeRunner\MazeRunner.csproj", "{72469BED-6C52-4968-BD9D-1AF0C4897ABF}"
EndProject
Project("{FAE04EC0-301F-11D3-BF4B-00C04F79EFBC}") = "ServerSide", "ServerSide\ServerSide.csproj", "{EABE1A2F-1307-4173-B9A7-1413FF0E7F3A}"
EndProject
Project("{FAE04EC0-301F-11D3-BF4B-00C04F79EFBC}") = "SecondPlayer", "SecondPlayer\SecondPlayer.csproj", "{52EFF486-7FB7-4913-882B-A117DFB5D03B}"
EndProject
Global
	GlobalSection(SolutionConfigurationPlatforms) = preSolution
		Debug|Any CPU = Debug|Any CPU
		Release|Any CPU = Release|Any CPU
	EndGlobalSection
	GlobalSection(ProjectConfigurationPlatforms) = postSolution
		{72469BED-6C52-4968-BD9D-1AF0C4897ABF}.Debug|Any CPU.ActiveCfg = Debug|Any CPU
		{72469BED-6C52-4968-BD9D-1AF0C4897ABF}.Debug|Any CPU.Build.0 = Debug|Any CPU
		{72469BED-6C52-4968-BD9D-1AF0C4897ABF}.Release|Any CPU.ActiveCfg = Release|Any CPU
		{72469BED-6C52-4968-BD9D-1AF0C4897ABF}.Release|Any CPU.Build.0 = Release|Any CPU
		{EABE1A2F-1307-4173-B9A7-1413FF0E7F3A}.Debug|Any CPU.ActiveCfg = Debug|Any CPU
		{EABE1A2F-1307-4173-B9A7-1413FF0E7F3A}.Debug|Any CPU.Build.0 = Debug|Any CPU
		{EABE1A2F-1307-4173-B9A7-1413FF0E7F3A}.Release|Any CPU.ActiveCfg = Release|Any CPU
		{EABE1A2F-1307-4173-B9A7-1413FF0E7F3A}.Release|Any CPU.Build.0 = Release|Any CPU
		{52EFF486-7FB7-4913-882B-A117DFB5D03B}.Debug|Any CPU.ActiveCfg = Debug|Any CPU
		{52EFF486-7FB7-4913-882B-A117DFB5D03B}.Debug|Any CPU.Build.0 = Debug|Any CPU
		{52EFF486-7FB7-4913-882B-A117DFB5D03B}.Release|Any CPU.ActiveCfg = Release|Any CPU
		{52EFF486-7FB7-4913-882B-A117DFB5D03B}.Release|Any CPU.Build.0 = Release|Any CPU
	EndGlobalSection
	GlobalSection(SolutionProperties) = preSolution
		HideSolutionNode = FALSE
	EndGlobalSection
EndGlobal
